// !$*UTF8*$!
{
    archiveVersion = 1;
    classes = {
    };
    objectVersion = 56;
    objects = {

/* Begin PBXBuildFile section */
        A10000000000000000000001 /* AITranslationAssistantApp.swift in Sources */ = {isa = PBXBuildFile; fileRef = A20000000000000000000001 /* AITranslationAssistantApp.swift */; };
        A10000000000000000000002 /* ConversationSession.swift in Sources */ = {isa = PBXBuildFile; fileRef = A20000000000000000000002 /* ConversationSession.swift */; };
        A10000000000000000000003 /* SessionStore.swift in Sources */ = {isa = PBXBuildFile; fileRef = A20000000000000000000003 /* SessionStore.swift */; };
        A10000000000000000000004 /* SpeechRecognizer.swift in Sources */ = {isa = PBXBuildFile; fileRef = A20000000000000000000004 /* SpeechRecognizer.swift */; };
        A10000000000000000000005 /* AIBackendClient.swift in Sources */ = {isa = PBXBuildFile; fileRef = A20000000000000000000005 /* AIBackendClient.swift */; };
        A10000000000000000000006 /* RootView.swift in Sources */ = {isa = PBXBuildFile; fileRef = A20000000000000000000006 /* RootView.swift */; };
        A10000000000000000000007 /* SessionListView.swift in Sources */ = {isa = PBXBuildFile; fileRef = A20000000000000000000007 /* SessionListView.swift */; };
        A10000000000000000000008 /* SessionEditorView.swift in Sources */ = {isa = PBXBuildFile; fileRef = A20000000000000000000008 /* SessionEditorView.swift */; };
        A10000000000000000000009 /* LiveConversationView.swift in Sources */ = {isa = PBXBuildFile; fileRef = A20000000000000000000009 /* LiveConversationView.swift */; };
        A10000000000000000000010 /* SummaryView.swift in Sources */ = {isa = PBXBuildFile; fileRef = A20000000000000000000010 /* SummaryView.swift */; };
/* End PBXBuildFile section */

/* Begin PBXFileReference section */
        A20000000000000000000001 /* AITranslationAssistantApp.swift */ = {isa = PBXFileReference; lastKnownFileType = sourcecode.swift; path = AITranslationAssistantApp.swift; sourceTree = "<group>"; };
        A20000000000000000000002 /* ConversationSession.swift */ = {isa = PBXFileReference; lastKnownFileType = sourcecode.swift; path = ConversationSession.swift; sourceTree = "<group>"; };
        A20000000000000000000003 /* SessionStore.swift */ = {isa = PBXFileReference; lastKnownFileType = sourcecode.swift; path = SessionStore.swift; sourceTree = "<group>"; };
        A20000000000000000000004 /* SpeechRecognizer.swift */ = {isa = PBXFileReference; lastKnownFileType = sourcecode.swift; path = SpeechRecognizer.swift; sourceTree = "<group>"; };
        A20000000000000000000005 /* AIBackendClient.swift */ = {isa = PBXFileReference; lastKnownFileType = sourcecode.swift; path = AIBackendClient.swift; sourceTree = "<group>"; };
        A20000000000000000000006 /* RootView.swift */ = {isa = PBXFileReference; lastKnownFileType = sourcecode.swift; path = RootView.swift; sourceTree = "<group>"; };
        A20000000000000000000007 /* SessionListView.swift */ = {isa = PBXFileReference; lastKnownFileType = sourcecode.swift; path = SessionListView.swift; sourceTree = "<group>"; };
        A20000000000000000000008 /* SessionEditorView.swift */ = {isa = PBXFileReference; lastKnownFileType = sourcecode.swift; path = SessionEditorView.swift; sourceTree = "<group>"; };
        A20000000000000000000009 /* LiveConversationView.swift */ = {isa = PBXFileReference; lastKnownFileType = sourcecode.swift; path = LiveConversationView.swift; sourceTree = "<group>"; };
        A20000000000000000000010 /* SummaryView.swift */ = {isa = PBXFileReference; lastKnownFileType = sourcecode.swift; path = SummaryView.swift; sourceTree = "<group>"; };
        A20000000000000000000011 /* Info.plist */ = {isa = PBXFileReference; lastKnownFileType = text.plist.xml; path = Info.plist; sourceTree = "<group>"; };
        A20000000000000000000012 /* AITranslationAssistant.app */ = {isa = PBXFileReference; explicitFileType = wrapper.application; includeInIndex = 0; path = AITranslationAssistant.app; sourceTree = BUILT_PRODUCTS_DIR; };
/* End PBXFileReference section */

/* Begin PBXFrameworksBuildPhase section */
        A30000000000000000000001 /* Frameworks */ = {
            isa = PBXFrameworksBuildPhase;
            buildActionMask = 2147483647;
            files = (
            );
            runOnlyForDeploymentPostprocessing = 0;
        };
/* End PBXFrameworksBuildPhase section */

/* Begin PBXGroup section */
        A40000000000000000000001 = {
            isa = PBXGroup;
            children = (
                A40000000000000000000002 /* AITranslationAssistant */,
                A40000000000000000000006 /* Products */,
            );
            sourceTree = "<group>";
        };
        A40000000000000000000002 /* AITranslationAssistant */ = {
            isa = PBXGroup;
            children = (
                A20000000000000000000001 /* AITranslationAssistantApp.swift */,
                A20000000000000000000011 /* Info.plist */,
                A40000000000000000000003 /* Models */,
                A40000000000000000000004 /* Services */,
                A40000000000000000000005 /* Views */,
            );
            path = AITranslationAssistant;
            sourceTree = "<group>";
        };
        A40000000000000000000003 /* Models */ = {
            isa = PBXGroup;
            children = (
                A20000000000000000000002 /* ConversationSession.swift */,
            );
            path = Models;
            sourceTree = "<group>";
        };
        A40000000000000000000004 /* Services */ = {
            isa = PBXGroup;
            children = (
                A20000000000000000000003 /* SessionStore.swift */,
                A20000000000000000000004 /* SpeechRecognizer.swift */,
                A20000000000000000000005 /* AIBackendClient.swift */,
            );
            path = Services;
            sourceTree = "<group>";
        };
        A40000000000000000000005 /* Views */ = {
            isa = PBXGroup;
            children = (
                A20000000000000000000006 /* RootView.swift */,
                A20000000000000000000007 /* SessionListView.swift */,
                A20000000000000000000008 /* SessionEditorView.swift */,
                A20000000000000000000009 /* LiveConversationView.swift */,
                A20000000000000000000010 /* SummaryView.swift */,
            );
            path = Views;
            sourceTree = "<group>";
        };
        A40000000000000000000006 /* Products */ = {
            isa = PBXGroup;
            children = (
                A20000000000000000000012 /* AITranslationAssistant.app */,
            );
            name = Products;
            sourceTree = "<group>";
        };
/* End PBXGroup section */

/* Begin PBXNativeTarget section */
        A50000000000000000000001 /* AITranslationAssistant */ = {
            isa = PBXNativeTarget;
            buildConfigurationList = A90000000000000000000003 /* Build configuration list for PBXNativeTarget "AITranslationAssistant" */;
            buildPhases = (
                A60000000000000000000001 /* Sources */,
                A30000000000000000000001 /* Frameworks */,
                A70000000000000000000001 /* Resources */,
            );
            buildRules = (
            );
            dependencies = (
            );
            name = AITranslationAssistant;
            productName = AITranslationAssistant;
            productReference = A20000000000000000000012 /* AITranslationAssistant.app */;
            productType = "com.apple.product-type.application";
        };
/* End PBXNativeTarget section */

/* Begin PBXProject section */
        A80000000000000000000001 /* Project object */ = {
            isa = PBXProject;
            attributes = {
                BuildIndependentTargetsInParallel = 1;
                LastSwiftUpdateCheck = 1520;
                LastUpgradeCheck = 1520;
                TargetAttributes = {
                    A50000000000000000000001 = {
                        CreatedOnToolsVersion = 15.2;
                    };
                };
            };
            buildConfigurationList = A90000000000000000000001 /* Build configuration list for PBXProject "AITranslationAssistant" */;
            compatibilityVersion = "Xcode 14.0";
            developmentRegion = en;
            hasScannedForEncodings = 0;
            knownRegions = (
                en,
                Base,
            );
            mainGroup = A40000000000000000000001;
            productRefGroup = A40000000000000000000006 /* Products */;
            projectDirPath = "";
            projectRoot = "";
            targets = (
                A50000000000000000000001 /* AITranslationAssistant */,
            );
        };
/* End PBXProject section */

/* Begin PBXResourcesBuildPhase section */
        A70000000000000000000001 /* Resources */ = {
            isa = PBXResourcesBuildPhase;
            buildActionMask = 2147483647;
            files = (
            );
            runOnlyForDeploymentPostprocessing = 0;
        };
/* End PBXResourcesBuildPhase section */

/* Begin PBXSourcesBuildPhase section */
        A60000000000000000000001 /* Sources */ = {
            isa = PBXSourcesBuildPhase;
            buildActionMask = 2147483647;
            files = (
                A10000000000000000000001 /* AITranslationAssistantApp.swift in Sources */,
                A10000000000000000000002 /* ConversationSession.swift in Sources */,
                A10000000000000000000003 /* SessionStore.swift in Sources */,
                A10000000000000000000004 /* SpeechRecognizer.swift in Sources */,
                A10000000000000000000005 /* AIBackendClient.swift in Sources */,
                A10000000000000000000006 /* RootView.swift in Sources */,
                A10000000000000000000007 /* SessionListView.swift in Sources */,
                A10000000000000000000008 /* SessionEditorView.swift in Sources */,
                A10000000000000000000009 /* LiveConversationView.swift in Sources */,
                A10000000000000000000010 /* SummaryView.swift in Sources */,
            );
            runOnlyForDeploymentPostprocessing = 0;
        };
/* End PBXSourcesBuildPhase section */

/* Begin XCBuildConfiguration section */
        A90000000000000000000004 /* Debug */ = {
            isa = XCBuildConfiguration;
            buildSettings = {
                CODE_SIGN_STYLE = Automatic;
                CURRENT_PROJECT_VERSION = 1;
                DEVELOPMENT_ASSET_PATHS = "";
                DEVELOPMENT_TEAM = "";
                GENERATE_INFOPLIST_FILE = NO;
                INFOPLIST_FILE = AITranslationAssistant/Info.plist;
                IPHONEOS_DEPLOYMENT_TARGET = 17.0;
                MARKETING_VERSION = 1.0;
                PRODUCT_BUNDLE_IDENTIFIER = com.example.aiTranslationAssistant;
                PRODUCT_NAME = "$(TARGET_NAME)";
                SWIFT_EMIT_LOC_STRINGS = YES;
                SWIFT_VERSION = 5.0;
                TARGETED_DEVICE_FAMILY = "1";
            };
            name = Debug;
        };
        A90000000000000000000005 /* Release */ = {
            isa = XCBuildConfiguration;
            buildSettings = {
                CODE_SIGN_STYLE = Automatic;
                CURRENT_PROJECT_VERSION = 1;
                DEVELOPMENT_ASSET_PATHS = "";
                DEVELOPMENT_TEAM = "";
                GENERATE_INFOPLIST_FILE = NO;
                INFOPLIST_FILE = AITranslationAssistant/Info.plist;
                IPHONEOS_DEPLOYMENT_TARGET = 17.0;
                MARKETING_VERSION = 1.0;
                PRODUCT_BUNDLE_IDENTIFIER = com.example.aiTranslationAssistant;
                PRODUCT_NAME = "$(TARGET_NAME)";
                SWIFT_EMIT_LOC_STRINGS = YES;
                SWIFT_VERSION = 5.0;
                TARGETED_DEVICE_FAMILY = "1";
            };
            name = Release;
        };
        A90000000000000000000006 /* Debug */ = {
            isa = XCBuildConfiguration;
            buildSettings = {
                ALWAYS_SEARCH_USER_PATHS = NO;
                CLANG_ANALYZER_NONNULL = YES;
                CLANG_ANALYZER_NUMBER_OBJECT_CONVERSION = YES_AGGRESSIVE;
                CLANG_CXX_LANGUAGE_STANDARD = "gnu++20";
                CLANG_ENABLE_MODULES = YES;
                CLANG_ENABLE_OBJC_ARC = YES;
                CLANG_ENABLE_OBJC_WEAK = YES;
                CLANG_WARN_BLOCK_CAPTURE_AUTORELEASING = YES;
                CLANG_WARN_BOOL_CONVERSION = YES;
                CLANG_WARN_COMMA = YES;
                CLANG_WARN_CONSTANT_CONVERSION = YES;
                CLANG_WARN_DEPRECATED_OBJC_IMPLEMENTATIONS = YES;
                CLANG_WARN_DIRECT_OBJC_ISA_USAGE = YES_ERROR;
                CLANG_WARN_DOCUMENTATION_COMMENTS = YES;
                CLANG_WARN_EMPTY_BODY = YES;
                CLANG_WARN_ENUM_CONVERSION = YES;
                CLANG_WARN_INFINITE_RECURSION = YES;
                CLANG_WARN_INT_CONVERSION = YES;
                CLANG_WARN_NON_LITERAL_NULL_CONVERSION = YES;
                CLANG_WARN_OBJC_IMPLICIT_RETAIN_SELF = YES;
                CLANG_WARN_OBJC_LITERAL_CONVERSION = YES;
                CLANG_WARN_OBJC_ROOT_CLASS = YES_ERROR;
                CLANG_WARN_QUOTED_INCLUDE_IN_FRAMEWORK_HEADER = YES;
                CLANG_WARN_RANGE_LOOP_ANALYSIS = YES;
                CLANG_WARN_STRICT_PROTOTYPES = YES;
                CLANG_WARN_SUSPICIOUS_MOVE = YES;
                CLANG_WARN_UNGUARDED_AVAILABILITY = YES_AGGRESSIVE;
                CLANG_WARN_UNREACHABLE_CODE = YES;
                CLANG_WARN__DUPLICATE_METHOD_MATCH = YES;
                COPY_PHASE_STRIP = NO;
                DEBUG_INFORMATION_FORMAT = dwarf;
                ENABLE_STRICT_OBJC_MSGSEND = YES;
                ENABLE_TESTABILITY = YES;
                GCC_C_LANGUAGE_STANDARD = gnu17;
                GCC_DYNAMIC_NO_PIC = NO;
                GCC_NO_COMMON_BLOCKS = YES;
                GCC_OPTIMIZATION_LEVEL = 0;
                GCC_PREPROCESSOR_DEFINITIONS = (
                    "DEBUG=1",
                    "$(inherited)",
                );
                GCC_WARN_64_TO_32_BIT_CONVERSION = YES;
                GCC_WARN_ABOUT_RETURN_TYPE = YES_ERROR;
                GCC_WARN_UNDECLARED_SELECTOR = YES;
                GCC_WARN_UNINITIALIZED_AUTOS = YES_AGGRESSIVE;
                GCC_WARN_UNUSED_FUNCTION = YES;
                GCC_WARN_UNUSED_VARIABLE = YES;
                MTL_ENABLE_DEBUG_INFO = INCLUDE_SOURCE;
                MTL_FAST_MATH = YES;
                ONLY_ACTIVE_ARCH = YES;
                SDKROOT = iphoneos;
                SWIFT_ACTIVE_COMPILATION_CONDITIONS = DEBUG;
                SWIFT_OPTIMIZATION_LEVEL = "-Onone";
            };
            name = Debug;
        };
        A90000000000000000000007 /* Release */ = {
            isa = XCBuildConfiguration;
            buildSettings = {
                ALWAYS_SEARCH_USER_PATHS = NO;
                CLANG_ANALYZER_NONNULL = YES;
                CLANG_ANALYZER_NUMBER_OBJECT_CONVERSION = YES_AGGRESSIVE;
                CLANG_CXX_LANGUAGE_STANDARD = "gnu++20";
                CLANG_ENABLE_MODULES = YES;
                CLANG_ENABLE_OBJC_ARC = YES;
                CLANG_ENABLE_OBJC_WEAK = YES;
                CLANG_WARN_BLOCK_CAPTURE_AUTORELEASING = YES;
                CLANG_WARN_BOOL_CONVERSION = YES;
                CLANG_WARN_COMMA = YES;
                CLANG_WARN_CONSTANT_CONVERSION = YES;
                CLANG_WARN_DEPRECATED_OBJC_IMPLEMENTATIONS = YES;
                CLANG_WARN_DIRECT_OBJC_ISA_USAGE = YES_ERROR;
                CLANG_WARN_DOCUMENTATION_COMMENTS = YES;
                CLANG_WARN_EMPTY_BODY = YES;
                CLANG_WARN_ENUM_CONVERSION = YES;
                CLANG_WARN_INFINITE_RECURSION = YES;
                CLANG_WARN_INT_CONVERSION = YES;
                CLANG_WARN_NON_LITERAL_NULL_CONVERSION = YES;
                CLANG_WARN_OBJC_IMPLICIT_RETAIN_SELF = YES;
                CLANG_WARN_OBJC_LITERAL_CONVERSION = YES;
                CLANG_WARN_OBJC_ROOT_CLASS = YES_ERROR;
                CLANG_WARN_QUOTED_INCLUDE_IN_FRAMEWORK_HEADER = YES;
                CLANG_WARN_RANGE_LOOP_ANALYSIS = YES;
                CLANG_WARN_STRICT_PROTOTYPES = YES;
                CLANG_WARN_SUSPICIOUS_MOVE = YES;
                CLANG_WARN_UNGUARDED_AVAILABILITY = YES_AGGRESSIVE;
                CLANG_WARN_UNREACHABLE_CODE = YES;
                CLANG_WARN__DUPLICATE_METHOD_MATCH = YES;
                COPY_PHASE_STRIP = NO;
                DEBUG_INFORMATION_FORMAT = "dwarf-with-dsym";
                ENABLE_NS_ASSERTIONS = NO;
                ENABLE_STRICT_OBJC_MSGSEND = YES;
                GCC_C_LANGUAGE_STANDARD = gnu17;
                GCC_NO_COMMON_BLOCKS = YES;
                GCC_WARN_64_TO_32_BIT_CONVERSION = YES;
                GCC_WARN_ABOUT_RETURN_TYPE = YES_ERROR;
                GCC_WARN_UNDECLARED_SELECTOR = YES;
                GCC_WARN_UNINITIALIZED_AUTOS = YES_AGGRESSIVE;
                GCC_WARN_UNUSED_FUNCTION = YES;
                GCC_WARN_UNUSED_VARIABLE = YES;
                MTL_ENABLE_DEBUG_INFO = NO;
                MTL_FAST_MATH = YES;
                SDKROOT = iphoneos;
                SWIFT_COMPILATION_MODE = wholemodule;
                VALIDATE_PRODUCT = YES;
            };
            name = Release;
        };
/* End XCBuildConfiguration section */

/* Begin XCConfigurationList section */
        A90000000000000000000001 /* Build configuration list for PBXProject "AITranslationAssistant" */ = {
            isa = XCConfigurationList;
            buildConfigurations = (
                A90000000000000000000006 /* Debug */,
                A90000000000000000000007 /* Release */,
            );
            defaultConfigurationIsVisible = 0;
            defaultConfigurationName = Release;
        };
        A90000000000000000000003 /* Build configuration list for PBXNativeTarget "AITranslationAssistant" */ = {
            isa = XCConfigurationList;
            buildConfigurations = (
                A90000000000000000000004 /* Debug */,
                A90000000000000000000005 /* Release */,
            );
            defaultConfigurationIsVisible = 0;
            defaultConfigurationName = Release;
        };
/* End XCConfigurationList section */
    };
    rootObject = A80000000000000000000001 /* Project object */;
}
